
Microsoft Visual Studio Solution File, Format Version 11.00
# Visual Studio 2010
Project("{FAE04EC0-301F-11D3-BF4B-00C04F79EFBC}") = "TwitterMVC", "TwitterMVC\TwitterMVC.csproj", "{EC4B305E-E48E-4919-B8F4-F2A459500E9E}"
	ProjectSection(ProjectDependencies) = postProject
		{4E2647D3-87EF-4E21-B38D-2ECF69E33470} = {4E2647D3-87EF-4E21-B38D-2ECF69E33470}
	EndProjectSection
EndProject
Project("{FAE04EC0-301F-11D3-BF4B-00C04F79EFBC}") = "Services", "Services\Services.csproj", "{4E2647D3-87EF-4E21-B38D-2ECF69E33470}"
EndProject
Global
	GlobalSection(SolutionConfigurationPlatforms) = preSolution
		Debug|Any CPU = Debug|Any CPU
		Release|Any CPU = Release|Any CPU
	EndGlobalSection
	GlobalSection(ProjectConfigurationPlatforms) = postSolution
		{EC4B305E-E48E-4919-B8F4-F2A459500E9E}.Debug|Any CPU.ActiveCfg = Debug|Any CPU
		{EC4B305E-E48E-4919-B8F4-F2A459500E9E}.Debug|Any CPU.Build.0 = Debug|Any CPU
		{EC4B305E-E48E-4919-B8F4-F2A459500E9E}.Release|Any CPU.ActiveCfg = Release|Any CPU
		{EC4B305E-E48E-4919-B8F4-F2A459500E9E}.Release|Any CPU.Build.0 = Release|Any CPU
		{4E2647D3-87EF-4E21-B38D-2ECF69E33470}.Debug|Any CPU.ActiveCfg = Debug|Any CPU
		{4E2647D3-87EF-4E21-B38D-2ECF69E33470}.Debug|Any CPU.Build.0 = Debug|Any CPU
		{4E2647D3-87EF-4E21-B38D-2ECF69E33470}.Release|Any CPU.ActiveCfg = Release|Any CPU
		{4E2647D3-87EF-4E21-B38D-2ECF69E33470}.Release|Any CPU.Build.0 = Release|Any CPU
	EndGlobalSection
	GlobalSection(SolutionProperties) = preSolution
		HideSolutionNode = FALSE
	EndGlobalSection
EndGlobal
